{
  "lockfile_version": "1",
  "packages": {
    "cargo@latest": {
      "last_modified": "2025-07-28T17:09:23Z",
      "resolved": "github:NixOS/nixpkgs/648f70160c03151bc2121d179291337ad6bc564b#cargo",
      "source": "devbox-search",
      "version": "1.88.0",
      "systems": {
        "aarch64-darwin": {
          "outputs": [
            {
              "name": "out",
              "path": "/nix/store/3iyviwimri8mq0cqv4abg9mibkcyc1cy-cargo-1.88.0",
              "default": true
            }
          ],
          "store_path": "/nix/store/3iyviwimri8mq0cqv4abg9mibkcyc1cy-cargo-1.88.0"
        },
        "aarch64-linux": {
          "outputs": [
            {
              "name": "out",
              "path": "/nix/store/6w7lghpjhkd5pw9y0hnnmg5w341jswyd-cargo-1.88.0",
              "default": true
            }
          ],
          "store_path": "/nix/store/6w7lghpjhkd5pw9y0hnnmg5w341jswyd-cargo-1.88.0"
        },
        "x86_64-darwin": {
          "outputs": [
            {
              "name": "out",
              "path": "/nix/store/8kwb2jmbf9xjhr18nw8sa66c0kivsqc4-cargo-1.88.0",
              "default": true
            }
          ],
          "store_path": "/nix/store/8kwb2jmbf9xjhr18nw8sa66c0kivsqc4-cargo-1.88.0"
        },
        "x86_64-linux": {
          "outputs": [
            {
              "name": "out",
              "path": "/nix/store/kg6psfcz4vjcvv8bpyvw422vrndrcq50-cargo-1.88.0",
              "default": true
            }
          ],
          "store_path": "/nix/store/kg6psfcz4vjcvv8bpyvw422vrndrcq50-cargo-1.88.0"
        }
      }
    },
    "gcc@latest": {
      "last_modified": "2025-07-28T17:09:23Z",
      "resolved": "github:NixOS/nixpkgs/648f70160c03151bc2121d179291337ad6bc564b#gcc15",
      "source": "devbox-search",
      "version": "15.1.0",
      "systems": {
        "aarch64-darwin": {
          "outputs": [
            {
              "name": "out",
              "path": "/nix/store/bbdc71n8jyf2m2v5v0sgkqrsq6czz7zb-gcc-wrapper-15.1.0",
              "default": true
            },
            {
              "name": "man",
              "path": "/nix/store/9wf8dlqw3akm4q3axf5s5n59ng9mkfc7-gcc-wrapper-15.1.0-man",
              "default": true
            },
            {
              "name": "info",
              "path": "/nix/store/zqfyk428j0naqyph4qb3kp33b0yq75bj-gcc-wrapper-15.1.0-info"
            }
          ],
          "store_path": "/nix/store/bbdc71n8jyf2m2v5v0sgkqrsq6czz7zb-gcc-wrapper-15.1.0"
        },
        "aarch64-linux": {
          "outputs": [
            {
              "name": "out",
              "path": "/nix/store/6i8w766ss996q66b41b3igmr3kcqklxn-gcc-wrapper-15.1.0",
              "default": true
            },
            {
              "name": "man",
              "path": "/nix/store/agx0zfxhwspf783mzqs8hkk11ivcv9p5-gcc-wrapper-15.1.0-man",
              "default": true
            },
            {
              "name": "info",
              "path": "/nix/store/x29k9656k71r2kj9a16bffc4j03sacwv-gcc-wrapper-15.1.0-info"
            }
          ],
          "store_path": "/nix/store/6i8w766ss996q66b41b3igmr3kcqklxn-gcc-wrapper-15.1.0"
        },
        "x86_64-darwin": {
          "outputs": [
            {
              "name": "out",
              "path": "/nix/store/anzgvch883j7id6gxynhsic1qvm7rm1c-gcc-wrapper-15.1.0",
              "default": true
            },
            {
              "name": "man",
              "path": "/nix/store/r7a8ik7vg79xy64jssa97g345qwg5nmj-gcc-wrapper-15.1.0-man",
              "default": true
            },
            {
              "name": "info",
              "path": "/nix/store/r3qfgnzd327ji3z85xagwrnkf911fy8g-gcc-wrapper-15.1.0-info"
            }
          ],
          "store_path": "/nix/store/anzgvch883j7id6gxynhsic1qvm7rm1c-gcc-wrapper-15.1.0"
        },
        "x86_64-linux": {
          "outputs": [
            {
              "name": "out",
              "path": "/nix/store/1d75h3iiq3mj4liis8cm1cbrldc9hwav-gcc-wrapper-15.1.0",
              "default": true
            },
            {
              "name": "man",
              "path": "/nix/store/3zp966sg0136ik4170lvh0rqpygdq384-gcc-wrapper-15.1.0-man",
              "default": true
            },
            {
              "name": "info",
              "path": "/nix/store/dvgwfg6kix4k6f8r6avfj65d42ii37c8-gcc-wrapper-15.1.0-info"
            }
          ],
          "store_path": "/nix/store/1d75h3iiq3mj4liis8cm1cbrldc9hwav-gcc-wrapper-15.1.0"
        }
      }
    },
    "gdb@latest": {
      "last_modified": "2025-07-28T17:09:23Z",
      "resolved": "github:NixOS/nixpkgs/648f70160c03151bc2121d179291337ad6bc564b#gdb",
      "source": "devbox-search",
      "version": "16.3",
      "systems": {
        "aarch64-darwin": {
          "outputs": [
            {
              "name": "out",
              "path": "/nix/store/s5fnxndxvgnbmg3bccnsjy46wycx6y74-gdb-16.3",
              "default": true
            }
          ],
          "store_path": "/nix/store/s5fnxndxvgnbmg3bccnsjy46wycx6y74-gdb-16.3"
        },
        "aarch64-linux": {
          "outputs": [
            {
              "name": "out",
              "path": "/nix/store/h9cpddmclwip5p43xv4gcff1lyqypf1v-gdb-16.3",
              "default": true
            }
          ],
          "store_path": "/nix/store/h9cpddmclwip5p43xv4gcff1lyqypf1v-gdb-16.3"
        },
        "x86_64-darwin": {
          "outputs": [
            {
              "name": "out",
              "path": "/nix/store/rcg60zqc9wv8jq2dq3z55i4v6h514z0x-gdb-16.3",
              "default": true
            }
          ],
          "store_path": "/nix/store/rcg60zqc9wv8jq2dq3z55i4v6h514z0x-gdb-16.3"
        },
        "x86_64-linux": {
          "outputs": [
            {
              "name": "out",
              "path": "/nix/store/khp0icx2szvnkby93k1kzf5s0wp6fxrj-gdb-16.3",
              "default": true
            }
          ],
          "store_path": "/nix/store/khp0icx2szvnkby93k1kzf5s0wp6fxrj-gdb-16.3"
        }
      }
    },
    "github:NixOS/nixpkgs/nixpkgs-unstable": {
      "last_modified": "2025-09-13T06:53:53Z",
      "resolved": "github:NixOS/nixpkgs/6d7ec06d6868ac6d94c371458fc2391ded9ff13d?lastModified=1757746433&narHash=sha256-fEvTiU4s9lWgW7mYEU%2F1QUPirgkn%2BodUBTaindgiziY%3D"
    },
    "python3@latest": {
      "last_modified": "2025-01-06T03:40:18Z",
      "plugin_version": "0.0.4",
      "resolved": "github:NixOS/nixpkgs/3df3c47c19dc90fec35359e89ffb52b34d2b0e94#python3",
      "source": "devbox-search",
      "version": "3.12.8",
      "systems": {
        "aarch64-darwin": {
          "outputs": [
            {
              "name": "out",
              "path": "/nix/store/8zc3wcplydp8gsxms24scpzdca438dk5-python3-3.12.8",
              "default": true
            }
          ],
          "store_path": "/nix/store/8zc3wcplydp8gsxms24scpzdca438dk5-python3-3.12.8"
        },
        "aarch64-linux": {
          "outputs": [
            {
              "name": "out",
              "path": "/nix/store/66pn6ysmvx675061xaq2vz93s9vdc5p4-python3-3.12.8",
              "default": true
            },
            {
              "name": "debug",
              "path": "/nix/store/brcg3a34fi45ffky63g5pqd22sksvq13-python3-3.12.8-debug"
            }
          ],
          "store_path": "/nix/store/66pn6ysmvx675061xaq2vz93s9vdc5p4-python3-3.12.8"
        },
        "x86_64-darwin": {
          "outputs": [
            {
              "name": "out",
              "path": "/nix/store/fpmkmdzgd1q7kqadc7czcjdhjj7bsc0i-python3-3.12.8",
              "default": true
            }
          ],
          "store_path": "/nix/store/fpmkmdzgd1q7kqadc7czcjdhjj7bsc0i-python3-3.12.8"
        },
        "x86_64-linux": {
          "outputs": [
            {
              "name": "out",
              "path": "/nix/store/c9m6yd8fg1flz2j5r4bif1ib5j20a0cy-python3-3.12.8",
              "default": true
            },
            {
              "name": "debug",
              "path": "/nix/store/cicfrcjr8pky8qd0gxw0x84ynyviy6b5-python3-3.12.8-debug"
            }
          ],
          "store_path": "/nix/store/c9m6yd8fg1flz2j5r4bif1ib5j20a0cy-python3-3.12.8"
        }
      }
    }
  }
}
